
Microsoft Visual Studio Solution File, Format Version 12.00
# Visual Studio Version 16
VisualStudioVersion = 16.0.31729.503
MinimumVisualStudioVersion = 10.0.40219.1
Project("{9A19103F-16F7-4668-BE54-9A1E7A4F7556}") = "PUS_lab3", "PUS_lab3\PUS_lab3.csproj", "{DD018FE1-ADBB-4779-AF48-670B3D0A0654}"
EndProject
Project("{FAE04EC0-301F-11D3-BF4B-00C04F79EFBC}") = "PUS_lab4", "..\PUS_lab4\PUS_lab4\PUS_lab4.csproj", "{6625C141-1625-41E5-8880-D050F7F74CF6}"
EndProject
Project("{FAE04EC0-301F-11D3-BF4B-00C04F79EFBC}") = "PUS_lab6", "..\PUS_lab6\PUS_lab6.csproj", "{A705BAF7-4B73-49E8-B4CA-FEA153FFF8E2}"
EndProject
Global
	GlobalSection(SolutionConfigurationPlatforms) = preSolution
		Debug|Any CPU = Debug|Any CPU
		Release|Any CPU = Release|Any CPU
	EndGlobalSection
	GlobalSection(ProjectConfigurationPlatforms) = postSolution
		{DD018FE1-ADBB-4779-AF48-670B3D0A0654}.Debug|Any CPU.ActiveCfg = Debug|Any CPU
		{DD018FE1-ADBB-4779-AF48-670B3D0A0654}.Debug|Any CPU.Build.0 = Debug|Any CPU
		{DD018FE1-ADBB-4779-AF48-670B3D0A0654}.Release|Any CPU.ActiveCfg = Release|Any CPU
		{DD018FE1-ADBB-4779-AF48-670B3D0A0654}.Release|Any CPU.Build.0 = Release|Any CPU
		{6625C141-1625-41E5-8880-D050F7F74CF6}.Debug|Any CPU.ActiveCfg = Debug|Any CPU
		{6625C141-1625-41E5-8880-D050F7F74CF6}.Debug|Any CPU.Build.0 = Debug|Any CPU
		{6625C141-1625-41E5-8880-D050F7F74CF6}.Release|Any CPU.ActiveCfg = Release|Any CPU
		{6625C141-1625-41E5-8880-D050F7F74CF6}.Release|Any CPU.Build.0 = Release|Any CPU
		{A705BAF7-4B73-49E8-B4CA-FEA153FFF8E2}.Debug|Any CPU.ActiveCfg = Debug|Any CPU
		{A705BAF7-4B73-49E8-B4CA-FEA153FFF8E2}.Debug|Any CPU.Build.0 = Debug|Any CPU
		{A705BAF7-4B73-49E8-B4CA-FEA153FFF8E2}.Release|Any CPU.ActiveCfg = Release|Any CPU
		{A705BAF7-4B73-49E8-B4CA-FEA153FFF8E2}.Release|Any CPU.Build.0 = Release|Any CPU
	EndGlobalSection
	GlobalSection(SolutionProperties) = preSolution
		HideSolutionNode = FALSE
	EndGlobalSection
	GlobalSection(ExtensibilityGlobals) = postSolution
		SolutionGuid = {BEA47660-221A-4FB5-9BEA-DF9A4F2D528A}
	EndGlobalSection
EndGlobal
